{
  "name": "ai-moderator-bot",
  "lockfileVersion": 3,
  "requires": true,
  "packages": {
    "": {
      "name": "ai-moderator-bot",
      "version": "1.0.0",
      "dependencies": {
        "discord.js": "^14.16.3",
        "express": "^4.21.1"
      }
    },
    "node_modules/@discordjs/collection": {
      "version": "1.5.0",
      "resolved": "https://registry.npmjs.org/@discordjs/collection/-/collection-1.5.0.tgz",
      "integrity": "sha512-K+/9Tn0x1CmV1ecC8J0p1kK6DwE1ym0ErHh9E7A1/VZ6OqlYxxH0v63dG8kVfM5Q0B55IwHJ9JkjD39GdrXxjQ=="
    },
    "node_modules/discord.js": {
      "version": "14.16.3",
      "resolved": "https://registry.npmjs.org/discord.js/-/discord.js-14.16.3.tgz",
      "integrity": "sha512-QCzq+VgLzQ5fZR2D5eUNryJwI0a2GJ+WfPV/0FkhQ76FjTfq/3+ax6kq2ThkVvA+mLVtTZbHQ6ZQt1I6l4B7kg==",
      "dependencies": {
        "@discordjs/collection": "^1.5.0",
        "ws": "^8.16.0"
      }
    },
    "node_modules/express": {
      "version": "4.21.1",
      "resolved": "https://registry.npmjs.org/express/-/express-4.21.1.tgz",
      "integrity": "sha512-FElHo0pY8x57kB1uB6c1KzT+vGe7I2lXbn1oYQ+HyYkH1vI9tT4L7T9zMvzCqj5JvZbZbJ45SxRn6z1t6df0xA==",
      "dependencies": {
        "accepts": "~1.3.8",
        "array-flatten": "1.1.1",
        "body-parser": "1.20.2",
        "content-disposition": "0.5.4",
        "content-type": "~1.0.4",
        "cookie": "0.6.0",
        "debug": "2.6.9",
        "depd": "~2.0.0",
        "encodeurl": "~1.0.2",
        "escape-html": "~1.0.3",
        "etag": "~1.8.1",
        "finalhandler": "1.2.1",
        "fresh": "0.5.2",
        "merge-descriptors": "1.0.1",
        "methods": "~1.1.2",
        "on-finished": "2.4.1",
        "parseurl": "~1.3.4",
        "path-to-regexp": "0.1.7",
        "proxy-addr": "~2.0.8",
        "qs": "6.11.1",
        "range-parser": "~1.2.1",
        "safe-buffer": "5.2.1",
        "send": "0.18.0",
        "serve-static": "1.15.0",
        "setprototypeof": "1.2.0",
        "statuses": "~2.0.1",
        "type-is": "~1.6.18",
        "utils-merge": "1.0.1",
        "vary": "~1.1.2"
      }
    }
  }
}
