{
  "name": "discord-modrinth-bot",
  "lockfileVersion": 3,
  "requires": true,
  "packages": {
    "": {
      "name": "discord-modrinth-bot",
      "version": "1.0.0",
      "dependencies": {
        "discord.js": "^14.15.2",
        "express": "^4.18.2"
      }
    },
    "node_modules/discord.js": {
      "version": "14.15.2",
      "resolved": "https://registry.npmjs.org/discord.js/-/discord.js-14.15.2.tgz",
      "integrity": "sha512-+9y+jvNNiCl6gN4ZcT8k5TwS5GxMq97Gd8NFFBA7yCEVAvjE7AYNqz9R6lG0bs7kB2r2x8BC4PvDPNVdN+n1cA=="
    },
    "node_modules/express": {
      "version": "4.18.2",
      "resolved": "https://registry.npmjs.org/express/-/express-4.18.2.tgz",
      "integrity": "sha512-lhKwU77p+loyYqkecpDQDnxudQX3viVp41raT8f7yQUUakdN57MZNmQhx7G5KhuSUp0Q7O+Rj60C5b1ZX0yOBw=="
    }
  }
}
